// !$*UTF8*$!
{
	archiveVersion = 1;
	classes = {
	};
	objectVersion = 46;
	objects = {

/* Begin PBXBuildFile section */
		81A824061A8069B8007B34D2 /* main.m in Sources */ = {isa = PBXBuildFile; fileRef = 81A824051A8069B8007B34D2 /* main.m */; };
		81A824091A8069B8007B34D2 /* AppDelegate.m in Sources */ = {isa = PBXBuildFile; fileRef = 81A824081A8069B8007B34D2 /* AppDelegate.m */; };
		81A8240C1A8069B8007B34D2 /* ViewController.m in Sources */ = {isa = PBXBuildFile; fileRef = 81A8240B1A8069B8007B34D2 /* ViewController.m */; };
		81A8240F1A8069B8007B34D2 /* Main.storyboard in Resources */ = {isa = PBXBuildFile; fileRef = 81A8240D1A8069B8007B34D2 /* Main.storyboard */; };
		81A824111A8069B8007B34D2 /* Images.xcassets in Resources */ = {isa = PBXBuildFile; fileRef = 81A824101A8069B8007B34D2 /* Images.xcassets */; };
		81A824141A8069B8007B34D2 /* LaunchScreen.xib in Resources */ = {isa = PBXBuildFile; fileRef = 81A824121A8069B8007B34D2 /* LaunchScreen.xib */; };
		81A824201A8069B8007B34D2 /* Trad_4_meTests.m in Sources */ = {isa = PBXBuildFile; fileRef = 81A8241F1A8069B8007B34D2 /* Trad_4_meTests.m */; };
/* End PBXBuildFile section */

/* Begin PBXContainerItemProxy section */
		81A8241A1A8069B8007B34D2 /* PBXContainerItemProxy */ = {
			isa = PBXContainerItemProxy;
			containerPortal = 81A823F81A8069B8007B34D2 /* Project object */;
			proxyType = 1;
			remoteGlobalIDString = 81A823FF1A8069B8007B34D2;
			remoteInfo = "Trad 4 me";
		};
/* End PBXContainerItemProxy section */

/* Begin PBXFileReference section */
		81A824001A8069B8007B34D2 /* Trad 4 me.app */ = {isa = PBXFileReference; explicitFileType = wrapper.application; includeInIndex = 0; path = "Trad 4 me.app"; sourceTree = BUILT_PRODUCTS_DIR; };
		81A824041A8069B8007B34D2 /* Info.plist */ = {isa = PBXFileReference; lastKnownFileType = text.plist.xml; path = Info.plist; sourceTree = "<group>"; };
		81A824051A8069B8007B34D2 /* main.m */ = {isa = PBXFileReference; lastKnownFileType = sourcecode.c.objc; path = main.m; sourceTree = "<group>"; };
		81A824071A8069B8007B34D2 /* AppDelegate.h */ = {isa = PBXFileReference; lastKnownFileType = sourcecode.c.h; path = AppDelegate.h; sourceTree = "<group>"; };
		81A824081A8069B8007B34D2 /* AppDelegate.m */ = {isa = PBXFileReference; lastKnownFileType = sourcecode.c.objc; path = AppDelegate.m; sourceTree = "<group>"; };
		81A8240A1A8069B8007B34D2 /* ViewController.h */ = {isa = PBXFileReference; lastKnownFileType = sourcecode.c.h; path = ViewController.h; sourceTree = "<group>"; };
		81A8240B1A8069B8007B34D2 /* ViewController.m */ = {isa = PBXFileReference; lastKnownFileType = sourcecode.c.objc; path = ViewController.m; sourceTree = "<group>"; };
		81A8240E1A8069B8007B34D2 /* Base */ = {isa = PBXFileReference; lastKnownFileType = file.storyboard; name = Base; path = Base.lproj/Main.storyboard; sourceTree = "<group>"; };
		81A824101A8069B8007B34D2 /* Images.xcassets */ = {isa = PBXFileReference; lastKnownFileType = folder.assetcatalog; path = Images.xcassets; sourceTree = "<group>"; };
		81A824131A8069B8007B34D2 /* Base */ = {isa = PBXFileReference; lastKnownFileType = file.xib; name = Base; path = Base.lproj/LaunchScreen.xib; sourceTree = "<group>"; };
		81A824191A8069B8007B34D2 /* Trad 4 meTests.xctest */ = {isa = PBXFileReference; explicitFileType = wrapper.cfbundle; includeInIndex = 0; path = "Trad 4 meTests.xctest"; sourceTree = BUILT_PRODUCTS_DIR; };
		81A8241E1A8069B8007B34D2 /* Info.plist */ = {isa = PBXFileReference; lastKnownFileType = text.plist.xml; path = Info.plist; sourceTree = "<group>"; };
		81A8241F1A8069B8007B34D2 /* Trad_4_meTests.m */ = {isa = PBXFileReference; lastKnownFileType = sourcecode.c.objc; path = Trad_4_meTests.m; sourceTree = "<group>"; };
/* End PBXFileReference section */

/* Begin PBXFrameworksBuildPhase section */
		81A823FD1A8069B8007B34D2 /* Frameworks */ = {
			isa = PBXFrameworksBuildPhase;
			buildActionMask = 2147483647;
			files = (
			);
			runOnlyForDeploymentPostprocessing = 0;
		};
		81A824161A8069B8007B34D2 /* Frameworks */ = {
			isa = PBXFrameworksBuildPhase;
			buildActionMask = 2147483647;
			files = (
			);
			runOnlyForDeploymentPostprocessing = 0;
		};
/* End PBXFrameworksBuildPhase section */

/* Begin PBXGroup section */
		81A823F71A8069B8007B34D2 = {
			isa = PBXGroup;
			children = (
				81A824021A8069B8007B34D2 /* Trad 4 me */,
				81A8241C1A8069B8007B34D2 /* Trad 4 meTests */,
				81A824011A8069B8007B34D2 /* Products */,
			);
			sourceTree = "<group>";
		};
		81A824011A8069B8007B34D2 /* Products */ = {
			isa = PBXGroup;
			children = (
				81A824001A8069B8007B34D2 /* Trad 4 me.app */,
				81A824191A8069B8007B34D2 /* Trad 4 meTests.xctest */,
			);
			name = Products;
			sourceTree = "<group>";
		};
		81A824021A8069B8007B34D2 /* Trad 4 me */ = {
			isa = PBXGroup;
			children = (
				81A824071A8069B8007B34D2 /* AppDelegate.h */,
				81A824081A8069B8007B34D2 /* AppDelegate.m */,
				81A8240A1A8069B8007B34D2 /* ViewController.h */,
				81A8240B1A8069B8007B34D2 /* ViewController.m */,
				81A8240D1A8069B8007B34D2 /* Main.storyboard */,
				81A824101A8069B8007B34D2 /* Images.xcassets */,
				81A824121A8069B8007B34D2 /* LaunchScreen.xib */,
				81A824031A8069B8007B34D2 /* Supporting Files */,
			);
			path = "Trad 4 me";
			sourceTree = "<group>";
		};
		81A824031A8069B8007B34D2 /* Supporting Files */ = {
			isa = PBXGroup;
			children = (
				81A824041A8069B8007B34D2 /* Info.plist */,
				81A824051A8069B8007B34D2 /* main.m */,
			);
			name = "Supporting Files";
			sourceTree = "<group>";
		};
		81A8241C1A8069B8007B34D2 /* Trad 4 meTests */ = {
			isa = PBXGroup;
			children = (
				81A8241F1A8069B8007B34D2 /* Trad_4_meTests.m */,
				81A8241D1A8069B8007B34D2 /* Supporting Files */,
			);
			path = "Trad 4 meTests";
			sourceTree = "<group>";
		};
		81A8241D1A8069B8007B34D2 /* Supporting Files */ = {
			isa = PBXGroup;
			children = (
				81A8241E1A8069B8007B34D2 /* Info.plist */,
			);
			name = "Supporting Files";
			sourceTree = "<group>";
		};
/* End PBXGroup section */

/* Begin PBXNativeTarget section */
		81A823FF1A8069B8007B34D2 /* Trad 4 me */ = {
			isa = PBXNativeTarget;
			buildConfigurationList = 81A824231A8069B8007B34D2 /* Build configuration list for PBXNativeTarget "Trad 4 me" */;
			buildPhases = (
				81A823FC1A8069B8007B34D2 /* Sources */,
				81A823FD1A8069B8007B34D2 /* Frameworks */,
				81A823FE1A8069B8007B34D2 /* Resources */,
			);
			buildRules = (
			);
			dependencies = (
			);
			name = "Trad 4 me";
			productName = "Trad 4 me";
			productReference = 81A824001A8069B8007B34D2 /* Trad 4 me.app */;
			productType = "com.apple.product-type.application";
		};
		81A824181A8069B8007B34D2 /* Trad 4 meTests */ = {
			isa = PBXNativeTarget;
			buildConfigurationList = 81A824261A8069B8007B34D2 /* Build configuration list for PBXNativeTarget "Trad 4 meTests" */;
			buildPhases = (
				81A824151A8069B8007B34D2 /* Sources */,
				81A824161A8069B8007B34D2 /* Frameworks */,
				81A824171A8069B8007B34D2 /* Resources */,
			);
			buildRules = (
			);
			dependencies = (
				81A8241B1A8069B8007B34D2 /* PBXTargetDependency */,
			);
			name = "Trad 4 meTests";
			productName = "Trad 4 meTests";
			productReference = 81A824191A8069B8007B34D2 /* Trad 4 meTests.xctest */;
			productType = "com.apple.product-type.bundle.unit-test";
		};
/* End PBXNativeTarget section */

/* Begin PBXProject section */
		81A823F81A8069B8007B34D2 /* Project object */ = {
			isa = PBXProject;
			attributes = {
				LastUpgradeCheck = 0610;
				ORGANIZATIONNAME = "Oscar Alvarez";
				TargetAttributes = {
					81A823FF1A8069B8007B34D2 = {
						CreatedOnToolsVersion = 6.1.1;
					};
					81A824181A8069B8007B34D2 = {
						CreatedOnToolsVersion = 6.1.1;
						TestTargetID = 81A823FF1A8069B8007B34D2;
					};
				};
			};
			buildConfigurationList = 81A823FB1A8069B8007B34D2 /* Build configuration list for PBXProject "Trad 4 me" */;
			compatibilityVersion = "Xcode 3.2";
			developmentRegion = English;
			hasScannedForEncodings = 0;
			knownRegions = (
				en,
				Base,
			);
			mainGroup = 81A823F71A8069B8007B34D2;
			productRefGroup = 81A824011A8069B8007B34D2 /* Products */;
			projectDirPath = "";
			projectRoot = "";
			targets = (
				81A823FF1A8069B8007B34D2 /* Trad 4 me */,
				81A824181A8069B8007B34D2 /* Trad 4 meTests */,
			);
		};
/* End PBXProject section */

/* Begin PBXResourcesBuildPhase section */
		81A823FE1A8069B8007B34D2 /* Resources */ = {
			isa = PBXResourcesBuildPhase;
			buildActionMask = 2147483647;
			files = (
				81A8240F1A8069B8007B34D2 /* Main.storyboard in Resources */,
				81A824141A8069B8007B34D2 /* LaunchScreen.xib in Resources */,
				81A824111A8069B8007B34D2 /* Images.xcassets in Resources */,
			);
			runOnlyForDeploymentPostprocessing = 0;
		};
		81A824171A8069B8007B34D2 /* Resources */ = {
			isa = PBXResourcesBuildPhase;
			buildActionMask = 2147483647;
			files = (
			);
			runOnlyForDeploymentPostprocessing = 0;
		};
/* End PBXResourcesBuildPhase section */

/* Begin PBXSourcesBuildPhase section */
		81A823FC1A8069B8007B34D2 /* Sources */ = {
			isa = PBXSourcesBuildPhase;
			buildActionMask = 2147483647;
			files = (
				81A8240C1A8069B8007B34D2 /* ViewController.m in Sources */,
				81A824091A8069B8007B34D2 /* AppDelegate.m in Sources */,
				81A824061A8069B8007B34D2 /* main.m in Sources */,
			);
			runOnlyForDeploymentPostprocessing = 0;
		};
		81A824151A8069B8007B34D2 /* Sources */ = {
			isa = PBXSourcesBuildPhase;
			buildActionMask = 2147483647;
			files = (
				81A824201A8069B8007B34D2 /* Trad_4_meTests.m in Sources */,
			);
			runOnlyForDeploymentPostprocessing = 0;
		};
/* End PBXSourcesBuildPhase section */

/* Begin PBXTargetDependency section */
		81A8241B1A8069B8007B34D2 /* PBXTargetDependency */ = {
			isa = PBXTargetDependency;
			target = 81A823FF1A8069B8007B34D2 /* Trad 4 me */;
			targetProxy = 81A8241A1A8069B8007B34D2 /* PBXContainerItemProxy */;
		};
/* End PBXTargetDependency section */

/* Begin PBXVariantGroup section */
		81A8240D1A8069B8007B34D2 /* Main.storyboard */ = {
			isa = PBXVariantGroup;
			children = (
				81A8240E1A8069B8007B34D2 /* Base */,
			);
			name = Main.storyboard;
			sourceTree = "<group>";
		};
		81A824121A8069B8007B34D2 /* LaunchScreen.xib */ = {
			isa = PBXVariantGroup;
			children = (
				81A824131A8069B8007B34D2 /* Base */,
			);
			name = LaunchScreen.xib;
			sourceTree = "<group>";
		};
/* End PBXVariantGroup section */

/* Begin XCBuildConfiguration section */
		81A824211A8069B8007B34D2 /* Debug */ = {
			isa = XCBuildConfiguration;
			buildSettings = {
				ALWAYS_SEARCH_USER_PATHS = NO;
				CLANG_CXX_LANGUAGE_STANDARD = "gnu++0x";
				CLANG_CXX_LIBRARY = "libc++";
				CLANG_ENABLE_MODULES = YES;
				CLANG_ENABLE_OBJC_ARC = YES;
				CLANG_WARN_BOOL_CONVERSION = YES;
				CLANG_WARN_CONSTANT_CONVERSION = YES;
				CLANG_WARN_DIRECT_OBJC_ISA_USAGE = YES_ERROR;
				CLANG_WARN_EMPTY_BODY = YES;
				CLANG_WARN_ENUM_CONVERSION = YES;
				CLANG_WARN_INT_CONVERSION = YES;
				CLANG_WARN_OBJC_ROOT_CLASS = YES_ERROR;
				CLANG_WARN_UNREACHABLE_CODE = YES;
				CLANG_WARN__DUPLICATE_METHOD_MATCH = YES;
				"CODE_SIGN_IDENTITY[sdk=iphoneos*]" = "iPhone Developer";
				COPY_PHASE_STRIP = NO;
				ENABLE_STRICT_OBJC_MSGSEND = YES;
				GCC_C_LANGUAGE_STANDARD = gnu99;
				GCC_DYNAMIC_NO_PIC = NO;
				GCC_OPTIMIZATION_LEVEL = 0;
				GCC_PREPROCESSOR_DEFINITIONS = (
					"DEBUG=1",
					"$(inherited)",
				);
				GCC_SYMBOLS_PRIVATE_EXTERN = NO;
				GCC_WARN_64_TO_32_BIT_CONVERSION = YES;
				GCC_WARN_ABOUT_RETURN_TYPE = YES_ERROR;
				GCC_WARN_UNDECLARED_SELECTOR = YES;
				GCC_WARN_UNINITIALIZED_AUTOS = YES_AGGRESSIVE;
				GCC_WARN_UNUSED_FUNCTION = YES;
				GCC_WARN_UNUSED_VARIABLE = YES;
				IPHONEOS_DEPLOYMENT_TARGET = 8.1;
				MTL_ENABLE_DEBUG_INFO = YES;
				ONLY_ACTIVE_ARCH = YES;
				SDKROOT = iphoneos;
			};
			name = Debug;
		};
		81A824221A8069B8007B34D2 /* Release */ = {
			isa = XCBuildConfiguration;
			buildSettings = {
				ALWAYS_SEARCH_USER_PATHS = NO;
				CLANG_CXX_LANGUAGE_STANDARD = "gnu++0x";
				CLANG_CXX_LIBRARY = "libc++";
				CLANG_ENABLE_MODULES = YES;
				CLANG_ENABLE_OBJC_ARC = YES;
				CLANG_WARN_BOOL_CONVERSION = YES;
				CLANG_WARN_CONSTANT_CONVERSION = YES;
				CLANG_WARN_DIRECT_OBJC_ISA_USAGE = YES_ERROR;
				CLANG_WARN_EMPTY_BODY = YES;
				CLANG_WARN_ENUM_CONVERSION = YES;
				CLANG_WARN_INT_CONVERSION = YES;
				CLANG_WARN_OBJC_ROOT_CLASS = YES_ERROR;
				CLANG_WARN_UNREACHABLE_CODE = YES;
				CLANG_WARN__DUPLICATE_METHOD_MATCH = YES;
				"CODE_SIGN_IDENTITY[sdk=iphoneos*]" = "iPhone Developer";
				COPY_PHASE_STRIP = YES;
				ENABLE_NS_ASSERTIONS = NO;
				ENABLE_STRICT_OBJC_MSGSEND = YES;
				GCC_C_LANGUAGE_STANDARD = gnu99;
				GCC_WARN_64_TO_32_BIT_CONVERSION = YES;
				GCC_WARN_ABOUT_RETURN_TYPE = YES_ERROR;
				GCC_WARN_UNDECLARED_SELECTOR = YES;
				GCC_WARN_UNINITIALIZED_AUTOS = YES_AGGRESSIVE;
				GCC_WARN_UNUSED_FUNCTION = YES;
				GCC_WARN_UNUSED_VARIABLE = YES;
				IPHONEOS_DEPLOYMENT_TARGET = 8.1;
				MTL_ENABLE_DEBUG_INFO = NO;
				SDKROOT = iphoneos;
				VALIDATE_PRODUCT = YES;
			};
			name = Release;
		};
		81A824241A8069B8007B34D2 /* Debug */ = {
			isa = XCBuildConfiguration;
			buildSettings = {
				ASSETCATALOG_COMPILER_APPICON_NAME = AppIcon;
				INFOPLIST_FILE = "Trad 4 me/Info.plist";
				LD_RUNPATH_SEARCH_PATHS = "$(inherited) @executable_path/Frameworks";
				PRODUCT_NAME = "$(TARGET_NAME)";
			};
			name = Debug;
		};
		81A824251A8069B8007B34D2 /* Release */ = {
			isa = XCBuildConfiguration;
			buildSettings = {
				ASSETCATALOG_COMPILER_APPICON_NAME = AppIcon;
				INFOPLIST_FILE = "Trad 4 me/Info.plist";
				LD_RUNPATH_SEARCH_PATHS = "$(inherited) @executable_path/Frameworks";
				PRODUCT_NAME = "$(TARGET_NAME)";
			};
			name = Release;
		};
		81A824271A8069B8007B34D2 /* Debug */ = {
			isa = XCBuildConfiguration;
			buildSettings = {
				BUNDLE_LOADER = "$(TEST_HOST)";
				FRAMEWORK_SEARCH_PATHS = (
					"$(SDKROOT)/Developer/Library/Frameworks",
					"$(inherited)",
				);
				GCC_PREPROCESSOR_DEFINITIONS = (
					"DEBUG=1",
					"$(inherited)",
				);
				INFOPLIST_FILE = "Trad 4 meTests/Info.plist";
				LD_RUNPATH_SEARCH_PATHS = "$(inherited) @executable_path/Frameworks @loader_path/Frameworks";
				PRODUCT_NAME = "$(TARGET_NAME)";
				TEST_HOST = "$(BUILT_PRODUCTS_DIR)/Trad 4 me.app/Trad 4 me";
			};
			name = Debug;
		};
		81A824281A8069B8007B34D2 /* Release */ = {
			isa = XCBuildConfiguration;
			buildSettings = {
				BUNDLE_LOADER = "$(TEST_HOST)";
				FRAMEWORK_SEARCH_PATHS = (
					"$(SDKROOT)/Developer/Library/Frameworks",
					"$(inherited)",
				);
				INFOPLIST_FILE = "Trad 4 meTests/Info.plist";
				LD_RUNPATH_SEARCH_PATHS = "$(inherited) @executable_path/Frameworks @loader_path/Frameworks";
				PRODUCT_NAME = "$(TARGET_NAME)";
				TEST_HOST = "$(BUILT_PRODUCTS_DIR)/Trad 4 me.app/Trad 4 me";
			};
			name = Release;
		};
/* End XCBuildConfiguration section */

/* Begin XCConfigurationList section */
		81A823FB1A8069B8007B34D2 /* Build configuration list for PBXProject "Trad 4 me" */ = {
			isa = XCConfigurationList;
			buildConfigurations = (
				81A824211A8069B8007B34D2 /* Debug */,
				81A824221A8069B8007B34D2 /* Release */,
			);
			defaultConfigurationIsVisible = 0;
			defaultConfigurationName = Release;
		};
		81A824231A8069B8007B34D2 /* Build configuration list for PBXNativeTarget "Trad 4 me" */ = {
			isa = XCConfigurationList;
			buildConfigurations = (
				81A824241A8069B8007B34D2 /* Debug */,
				81A824251A8069B8007B34D2 /* Release */,
			);
			defaultConfigurationIsVisible = 0;
		};
		81A824261A8069B8007B34D2 /* Build configuration list for PBXNativeTarget "Trad 4 meTests" */ = {
			isa = XCConfigurationList;
			buildConfigurations = (
				81A824271A8069B8007B34D2 /* Debug */,
				81A824281A8069B8007B34D2 /* Release */,
			);
			defaultConfigurationIsVisible = 0;
		};
/* End XCConfigurationList section */
	};
	rootObject = 81A823F81A8069B8007B34D2 /* Project object */;
}
